{"name":"isp-monitor-frontend","version":"0.0.1","lockfileVersion":3,"requires":true,"packages":{"": {"name":"isp-monitor-frontend","version":"0.0.1","private":true,"devDependencies":{"vite":"4.4.9"}},"node_modules/vite":{"version":"4.4.9","resolved":"https://registry.npmjs.org/vite/-/vite-4.4.9.tgz","integrity":"sha512-2mbUn2LlUmNJAC9aMDsD8KsTAOtCC9pDsb5OJnNmD7uKMjTw59ymcPjynW2E7q7IkDAX7u8n7IegPhaKnd5+/w==","dev":true,"bin":{"vite":"bin/vite.js"},"engines":{"node":"^14.18.0 || >=16.0.0"},"peerDependencies":{"@types/node":">= 14","less":"*","lightningcss":"^1.21.0","sass":"*","stylus":"*","sugarss":"*","terser":"^5.4.0"},"peerDependenciesMeta":{"@types/node":{"optional":true},"less":{"optional":true},"lightningcss":{"optional":true},"sass":{"optional":true},"stylus":{"optional":true},"sugarss":{"optional":true},"terser":{"optional":true}}}}}